# This file is autogenerated, do not edit; changes may be undone by the next 'dep ensure'.


[[projects]]
  name = "github.com/PuerkitoBio/goquery"
  packages = ["."]
  revision = "e1271ee34c6a305e38566ecd27ae374944907ee9"
  version = "v1.1.0"

[[projects]]
  name = "github.com/Sirupsen/logrus"
  packages = ["."]
  revision = "a3f95b5c423586578a4e099b11a46c2479628cac"
  version = "1.0.2"

[[projects]]
  branch = "master"
  name = "github.com/andybalholm/cascadia"
  packages = ["."]
  revision = "349dd0209470eabd9514242c688c403c0926d266"

[[projects]]
  name = "github.com/gorilla/context"
  packages = ["."]
  revision = "1ea25387ff6f684839d82767c1733ff4d4d15d0a"
  version = "v1.1"

[[projects]]
  name = "github.com/gorilla/handlers"
  packages = ["."]
  revision = "a4043c62cc2329bacda331d33fc908ab11ef0ec3"
  version = "v1.2.1"

[[projects]]
  name = "github.com/gorilla/mux"
  packages = ["."]
  revision = "bcd8bc72b08df0f70df986b97f95590779502d31"
  version = "v1.4.0"

[[projects]]
  branch = "master"
  name = "github.com/nishanths/go-xkcd"
  packages = ["."]
  revision = "9497d909de390b9a8dd0d88975cf0ce7d0b4d688"

[[projects]]
  name = "github.com/pkg/errors"
  packages = ["."]
  revision = "645ef00459ed84a119197bfb8d8205042c6df63d"
  version = "v0.8.0"

[[projects]]
  name = "github.com/urfave/cli"
  packages = ["."]
  revision = "cfb38830724cc34fedffe9a2a29fb54fa9169cd1"
  version = "v1.20.0"

[[projects]]
  branch = "master"
  name = "golang.org/x/net"
  packages = ["html","html/atom"]
  revision = "1c05540f6879653db88113bc4a2b70aec4bd491f"

[[projects]]
  branch = "master"
  name = "golang.org/x/sys"
  packages = ["unix"]
  revision = "2d3e384235de683634e9080b58f757466840aa48"

[[projects]]
  name = "gopkg.in/olivere/elastic.v5"
  packages = [".","config","uritemplates"]
  revision = "edbef41beaacc2ee95e61af8faff04e67c01e268"
  version = "v5.0.45"

[solve-meta]
  analyzer-name = "dep"
  analyzer-version = 1
  inputs-digest = "f1e3bf3cf6894097eb3d2251261ffbeba38deb02e46d125d96a06b8f76d1592a"
  solver-name = "gps-cdcl"
  solver-version = 1
